dependencies:
  espressif/zlib:
    component_hash: 3b1a42ce9843bd714544e81a2e3df8d2a33b923a7d9b6870d371d8bd5b8bd6b3
    source:
      service_url: https://api.components.espressif.com/
      type: service
    version: 1.2.13
  idf:
    component_hash: null
    source:
      type: idf
    version: 5.0.3
manifest_hash: 9c11c2e5dc6718c7cc6a5a0d8ab72306d81a4bb419a4ab75a1bdd5086ca61559
target: esp32
version: 1.0.0
